Microsoft Visual Studio Solution File, Format Version 12.00
# Visual Studio Version 17
VisualStudioVersion = 17.5.2.0
MinimumVisualStudioVersion = 10.0.40219.1
Project("{FAE04EC0-301F-11D3-BF4B-00C04F79EFBC}") = "Task-1", "Task-1\Task-1.csproj", "{CEF10696-3792-B661-6D2D-70EB1522643C}"
EndProject
Project("{FAE04EC0-301F-11D3-BF4B-00C04F79EFBC}") = "Task-2", "Task-2\Task-2.csproj", "{AD499594-FF54-964E-572E-FC14C057D1A0}"
EndProject
Project("{FAE04EC0-301F-11D3-BF4B-00C04F79EFBC}") = "Task-3A", "Task-3A\Task-3A.csproj", "{C89F5B71-A609-8851-797C-FEF1BC9681CA}"
EndProject
Global
	GlobalSection(SolutionConfigurationPlatforms) = preSolution
		Debug|Any CPU = Debug|Any CPU
		Release|Any CPU = Release|Any CPU
	EndGlobalSection
	GlobalSection(ProjectConfigurationPlatforms) = postSolution
		{CEF10696-3792-B661-6D2D-70EB1522643C}.Debug|Any CPU.ActiveCfg = Debug|Any CPU
		{CEF10696-3792-B661-6D2D-70EB1522643C}.Debug|Any CPU.Build.0 = Debug|Any CPU
		{CEF10696-3792-B661-6D2D-70EB1522643C}.Release|Any CPU.ActiveCfg = Release|Any CPU
		{CEF10696-3792-B661-6D2D-70EB1522643C}.Release|Any CPU.Build.0 = Release|Any CPU
		{AD499594-FF54-964E-572E-FC14C057D1A0}.Debug|Any CPU.ActiveCfg = Debug|Any CPU
		{AD499594-FF54-964E-572E-FC14C057D1A0}.Debug|Any CPU.Build.0 = Debug|Any CPU
		{AD499594-FF54-964E-572E-FC14C057D1A0}.Release|Any CPU.ActiveCfg = Release|Any CPU
		{AD499594-FF54-964E-572E-FC14C057D1A0}.Release|Any CPU.Build.0 = Release|Any CPU
		{C89F5B71-A609-8851-797C-FEF1BC9681CA}.Debug|Any CPU.ActiveCfg = Debug|Any CPU
		{C89F5B71-A609-8851-797C-FEF1BC9681CA}.Debug|Any CPU.Build.0 = Debug|Any CPU
		{C89F5B71-A609-8851-797C-FEF1BC9681CA}.Release|Any CPU.ActiveCfg = Release|Any CPU
		{C89F5B71-A609-8851-797C-FEF1BC9681CA}.Release|Any CPU.Build.0 = Release|Any CPU
	EndGlobalSection
	GlobalSection(SolutionProperties) = preSolution
		HideSolutionNode = FALSE
	EndGlobalSection
	GlobalSection(ExtensibilityGlobals) = postSolution
		SolutionGuid = {29BECCF3-D645-427B-926C-A4887FD86E6E}
	EndGlobalSection
EndGlobal
